
Microsoft Visual Studio Solution File, Format Version 12.00
# Visual Studio 15
VisualStudioVersion = 15.0.26124.0
MinimumVisualStudioVersion = 15.0.26124.0
Project("{2150E333-8FDC-42A3-9474-1A3956D46DE8}") = "src", "src", "{5CDDA34C-00C5-4B37-8383-3C866BB6AC75}"
EndProject
Project("{F2A71F9B-5D33-465A-A702-920D77279786}") = "FSharp.ZPrintf", "src\FSharp.ZPrintf\FSharp.ZPrintf.fsproj", "{31B40139-06F1-4A44-8DE0-41591C75F190}"
EndProject
Project("{2150E333-8FDC-42A3-9474-1A3956D46DE8}") = "tests", "tests", "{3DDF8047-C125-4B03-B9DD-567DAE44C393}"
EndProject
Project("{F2A71F9B-5D33-465A-A702-920D77279786}") = "FSharp.ZPrintf.Tests", "tests\FSharp.ZPrintf.Tests\FSharp.ZPrintf.Tests.fsproj", "{DA82225E-1A01-4279-946C-E10442D95349}"
EndProject
Project("{2150E333-8FDC-42A3-9474-1A3956D46DE8}") = "examples", "examples", "{D4C1BAFA-549B-4E64-BD64-F9ED90DC6AC1}"
EndProject
Project("{F2A71F9B-5D33-465A-A702-920D77279786}") = "ZPrintfConsole", "examples\ZPrintfConsole\ZPrintfConsole.fsproj", "{CB43654B-BE2C-452A-9364-9FAE6F8EA855}"
EndProject
Project("{F2A71F9B-5D33-465A-A702-920D77279786}") = "PerfBenchmark", "examples\PerfBenchmark\PerfBenchmark.fsproj", "{F6D09FC1-A306-490D-B326-4EF01773183E}"
EndProject
Global
	GlobalSection(SolutionConfigurationPlatforms) = preSolution
		Debug|Any CPU = Debug|Any CPU
		Debug|x64 = Debug|x64
		Debug|x86 = Debug|x86
		Release|Any CPU = Release|Any CPU
		Release|x64 = Release|x64
		Release|x86 = Release|x86
	EndGlobalSection
	GlobalSection(SolutionProperties) = preSolution
		HideSolutionNode = FALSE
	EndGlobalSection
	GlobalSection(ProjectConfigurationPlatforms) = postSolution
		{31B40139-06F1-4A44-8DE0-41591C75F190}.Debug|Any CPU.ActiveCfg = Debug|Any CPU
		{31B40139-06F1-4A44-8DE0-41591C75F190}.Debug|Any CPU.Build.0 = Debug|Any CPU
		{31B40139-06F1-4A44-8DE0-41591C75F190}.Debug|x64.ActiveCfg = Debug|Any CPU
		{31B40139-06F1-4A44-8DE0-41591C75F190}.Debug|x64.Build.0 = Debug|Any CPU
		{31B40139-06F1-4A44-8DE0-41591C75F190}.Debug|x86.ActiveCfg = Debug|Any CPU
		{31B40139-06F1-4A44-8DE0-41591C75F190}.Debug|x86.Build.0 = Debug|Any CPU
		{31B40139-06F1-4A44-8DE0-41591C75F190}.Release|Any CPU.ActiveCfg = Release|Any CPU
		{31B40139-06F1-4A44-8DE0-41591C75F190}.Release|Any CPU.Build.0 = Release|Any CPU
		{31B40139-06F1-4A44-8DE0-41591C75F190}.Release|x64.ActiveCfg = Release|Any CPU
		{31B40139-06F1-4A44-8DE0-41591C75F190}.Release|x64.Build.0 = Release|Any CPU
		{31B40139-06F1-4A44-8DE0-41591C75F190}.Release|x86.ActiveCfg = Release|Any CPU
		{31B40139-06F1-4A44-8DE0-41591C75F190}.Release|x86.Build.0 = Release|Any CPU
		{DA82225E-1A01-4279-946C-E10442D95349}.Debug|Any CPU.ActiveCfg = Debug|Any CPU
		{DA82225E-1A01-4279-946C-E10442D95349}.Debug|Any CPU.Build.0 = Debug|Any CPU
		{DA82225E-1A01-4279-946C-E10442D95349}.Debug|x64.ActiveCfg = Debug|Any CPU
		{DA82225E-1A01-4279-946C-E10442D95349}.Debug|x64.Build.0 = Debug|Any CPU
		{DA82225E-1A01-4279-946C-E10442D95349}.Debug|x86.ActiveCfg = Debug|Any CPU
		{DA82225E-1A01-4279-946C-E10442D95349}.Debug|x86.Build.0 = Debug|Any CPU
		{DA82225E-1A01-4279-946C-E10442D95349}.Release|Any CPU.ActiveCfg = Release|Any CPU
		{DA82225E-1A01-4279-946C-E10442D95349}.Release|Any CPU.Build.0 = Release|Any CPU
		{DA82225E-1A01-4279-946C-E10442D95349}.Release|x64.ActiveCfg = Release|Any CPU
		{DA82225E-1A01-4279-946C-E10442D95349}.Release|x64.Build.0 = Release|Any CPU
		{DA82225E-1A01-4279-946C-E10442D95349}.Release|x86.ActiveCfg = Release|Any CPU
		{DA82225E-1A01-4279-946C-E10442D95349}.Release|x86.Build.0 = Release|Any CPU
		{CB43654B-BE2C-452A-9364-9FAE6F8EA855}.Debug|Any CPU.ActiveCfg = Debug|Any CPU
		{CB43654B-BE2C-452A-9364-9FAE6F8EA855}.Debug|Any CPU.Build.0 = Debug|Any CPU
		{CB43654B-BE2C-452A-9364-9FAE6F8EA855}.Debug|x64.ActiveCfg = Debug|Any CPU
		{CB43654B-BE2C-452A-9364-9FAE6F8EA855}.Debug|x64.Build.0 = Debug|Any CPU
		{CB43654B-BE2C-452A-9364-9FAE6F8EA855}.Debug|x86.ActiveCfg = Debug|Any CPU
		{CB43654B-BE2C-452A-9364-9FAE6F8EA855}.Debug|x86.Build.0 = Debug|Any CPU
		{CB43654B-BE2C-452A-9364-9FAE6F8EA855}.Release|Any CPU.ActiveCfg = Release|Any CPU
		{CB43654B-BE2C-452A-9364-9FAE6F8EA855}.Release|Any CPU.Build.0 = Release|Any CPU
		{CB43654B-BE2C-452A-9364-9FAE6F8EA855}.Release|x64.ActiveCfg = Release|Any CPU
		{CB43654B-BE2C-452A-9364-9FAE6F8EA855}.Release|x64.Build.0 = Release|Any CPU
		{CB43654B-BE2C-452A-9364-9FAE6F8EA855}.Release|x86.ActiveCfg = Release|Any CPU
		{CB43654B-BE2C-452A-9364-9FAE6F8EA855}.Release|x86.Build.0 = Release|Any CPU
		{F6D09FC1-A306-490D-B326-4EF01773183E}.Debug|Any CPU.ActiveCfg = Debug|Any CPU
		{F6D09FC1-A306-490D-B326-4EF01773183E}.Debug|Any CPU.Build.0 = Debug|Any CPU
		{F6D09FC1-A306-490D-B326-4EF01773183E}.Debug|x64.ActiveCfg = Debug|Any CPU
		{F6D09FC1-A306-490D-B326-4EF01773183E}.Debug|x64.Build.0 = Debug|Any CPU
		{F6D09FC1-A306-490D-B326-4EF01773183E}.Debug|x86.ActiveCfg = Debug|Any CPU
		{F6D09FC1-A306-490D-B326-4EF01773183E}.Debug|x86.Build.0 = Debug|Any CPU
		{F6D09FC1-A306-490D-B326-4EF01773183E}.Release|Any CPU.ActiveCfg = Release|Any CPU
		{F6D09FC1-A306-490D-B326-4EF01773183E}.Release|Any CPU.Build.0 = Release|Any CPU
		{F6D09FC1-A306-490D-B326-4EF01773183E}.Release|x64.ActiveCfg = Release|Any CPU
		{F6D09FC1-A306-490D-B326-4EF01773183E}.Release|x64.Build.0 = Release|Any CPU
		{F6D09FC1-A306-490D-B326-4EF01773183E}.Release|x86.ActiveCfg = Release|Any CPU
		{F6D09FC1-A306-490D-B326-4EF01773183E}.Release|x86.Build.0 = Release|Any CPU
	EndGlobalSection
	GlobalSection(NestedProjects) = preSolution
		{31B40139-06F1-4A44-8DE0-41591C75F190} = {5CDDA34C-00C5-4B37-8383-3C866BB6AC75}
		{DA82225E-1A01-4279-946C-E10442D95349} = {3DDF8047-C125-4B03-B9DD-567DAE44C393}
		{CB43654B-BE2C-452A-9364-9FAE6F8EA855} = {D4C1BAFA-549B-4E64-BD64-F9ED90DC6AC1}
		{F6D09FC1-A306-490D-B326-4EF01773183E} = {D4C1BAFA-549B-4E64-BD64-F9ED90DC6AC1}
	EndGlobalSection
EndGlobal
